github.com/DATA-DOG/go-sqlmock v1.3.3 h1:CWUqKXe0s8A2z6qCgkP4Kru7wC11YoAnoupUKFDnH08=
github.com/DATA-DOG/go-sqlmock v1.3.3/go.mod h1:f/Ixk793poVmq4qj/V1dPUg2JEAKC73Q5eFN3EC/SaM=
github.com/a-urth/go-bindata v0.0.0-20180209162145-df38da164efc h1:eXJIPWW4y4xjPWda/7ruw5PRsfcbzKTL9EhNQrBRsOU=
github.com/a-urth/go-bindata v0.0.0-20180209162145-df38da164efc/go.mod h1:D0SbCgK4DQtSNzDQzfek273VqkCnHdFCd+q2ueHGRiE=
github.com/aws/aws-lambda-go v1.11.1 h1:wuOnhS5aqzPOWns71FO35PtbtBKHr4MYsPVt5qXLSfI=
github.com/aws/aws-lambda-go v1.11.1/go.mod h1:Rr2SMTLeSMKgD45uep9V/NP8tnbCcySgu04cx0k/6cw=
github.com/aws/aws-sdk-go v1.20.20 h1:OAR/GtjMOhenkp1NNKr1N1FgIP3mQXHeGbRhvVIAQp0=
github.com/aws/aws-sdk-go v1.20.20/go.mod h1:KmX6BPdI08NWTb3/sm4ZGu5ShLoqVDhKgpiN924inxo=
github.com/aws/aws-xray-sdk-go v1.0.0-rc.3 h1:s6gO07vOaNToVD9zX05bT3fQ4YhRiM2BcQXzXGRyfAg=
github.com/aws/aws-xray-sdk-go v1.0.0-rc.3/go.mod h1:XtMKdBQfpVut+tJEwI7+dJFRxxRdxHDyVNp2tHXRq04=
github.com/cihub/seelog v0.0.0-20170130134532-f561c5e57575 h1:kHaBemcxl8o/pQ5VM1c8PVE1PubbNx3mjUr09OqWGCs=
github.com/cihub/seelog v0.0.0-20170130134532-f561c5e57575/go.mod h1:9d6lWj8KzO/fd/NrVaLscBKmPigpZpn5YawRPw+e3Yo=
github.com/davecgh/go-spew v1.1.0 h1:ZDRjVQ15GmhC3fiQ8ni8+OwkZQO4DARzQgrnXU1Liz8=
github.com/davecgh/go-spew v1.1.0/go.mod h1:J7Y8YcW2NihsgmVo/mv3lAwl/skON4iLHjSsI+c5H38=
github.com/jmespath/go-jmespath v0.0.0-20180206201540-c2b33e8439af h1:pmfjZENx5imkbgOkpRUYLnmbU7UEFbjtDA2hxJ1ichM=
github.com/jmespath/go-jmespath v0.0.0-20180206201540-c2b33e8439af/go.mod h1:Nht3zPeWKUH0NzdCt2Blrr5ys8VGpn0CEB0cQHVjt7k=
github.com/jteeuwen/go-bindata v3.0.7+incompatible h1:91Uy4d9SYVr1kyTJ15wJsog+esAZZl7JmEfTkwmhJts=
github.com/jteeuwen/go-bindata v3.0.7+incompatible/go.mod h1:JVvhzYOiGBnFSYRyV00iY8q7/0PThjIYav1p9h5dmKs=
github.com/oschwald/geoip2-golang v1.3.0 h1:D+Hsdos1NARPbzZ2aInUHZL+dApIzo8E0ErJVsWcku8=
github.com/oschwald/geoip2-golang v1.3.0/go.mod h1:0LTTzix/Ao1uMvOhAV4iLU0Lz7eCrP94qZWBTDKf0iE=
github.com/oschwald/maxminddb-golang v1.3.1 h1:kPc5+ieL5CC/Zn0IaXJPxDFlUxKTQEU8QBTtmfQDAIo=
github.com/oschwald/maxminddb-golang v1.3.1/go.mod h1:3jhIUymTJ5VREKyIhWm66LJiQt04F0UCDdodShpjWsY=
github.com/pkg/errors v0.8.1 h1:iURUrRGxPUNPdy5/HRSm+Yj6okJ6UtLINN0Q9M4+h3I=
github.com/pkg/errors v0.8.1/go.mod h1:bwawxfHBFNV+L2hUp1rHADufV3IMtnDRdf1r5NINEl0=
github.com/pmezard/go-difflib v1.0.0 h1:4DBwDE0NGyQoBHbLQYPwSUPoCMWR5BEzIk/f1lZbAQM=
github.com/pmezard/go-difflib v1.0.0/go.mod h1:iKH77koFhYxTK1pcRnkKkqfTogsbg7gZNVY4sRDYZ/4=
github.com/stretchr/testify v1.2.1 h1:52QO5WkIUcHGIR7EnGagH88x1bUzqGXTC5/1bDTUQ7U=
github.com/stretchr/testify v1.2.1/go.mod h1:a8OnRcib4nhh0OaRAV+Yts87kKdq0PP7pXfy6kDkUVs=
golang.org/x/sys v0.0.0-20190712062909-fae7ac547cb7 h1:LepdCS8Gf/MVejFIt8lsiexZATdoGVyp5bcyS+rYoUI=
golang.org/x/sys v0.0.0-20190712062909-fae7ac547cb7/go.mod h1:h1NjWce9XRLGQEsW7wpKNCjG9DtNlClVuFLEZdDNbEs=
gopkg.in/urfave/cli.v1 v1.20.0/go.mod h1:vuBzUtMdQeixQj8LVd+/98pzhxNGQoyuPBlsXHOQNO0=
